// !$*UTF8*$!
{
	archiveVersion = 1;
	classes = {
	};
	objectVersion = 46;
	objects = {

/* Begin PBXBuildFile section */
		80650BB81AAC76AD00763C6C /* TRVQuestion.m in Sources */ = {isa = PBXBuildFile; fileRef = 80650BB71AAC76AD00763C6C /* TRVQuestion.m */; };
		80EB1CF01AA5E0CC001CDCB3 /* main.m in Sources */ = {isa = PBXBuildFile; fileRef = 80EB1CEF1AA5E0CC001CDCB3 /* main.m */; };
		80EB1CF31AA5E0CC001CDCB3 /* AppDelegate.m in Sources */ = {isa = PBXBuildFile; fileRef = 80EB1CF21AA5E0CC001CDCB3 /* AppDelegate.m */; };
		80EB1CF61AA5E0CC001CDCB3 /* ViewController.m in Sources */ = {isa = PBXBuildFile; fileRef = 80EB1CF51AA5E0CC001CDCB3 /* ViewController.m */; };
		80EB1CF91AA5E0CC001CDCB3 /* Main.storyboard in Resources */ = {isa = PBXBuildFile; fileRef = 80EB1CF71AA5E0CC001CDCB3 /* Main.storyboard */; };
		80EB1CFB1AA5E0CC001CDCB3 /* Images.xcassets in Resources */ = {isa = PBXBuildFile; fileRef = 80EB1CFA1AA5E0CC001CDCB3 /* Images.xcassets */; };
		80EB1CFE1AA5E0CC001CDCB3 /* LaunchScreen.xib in Resources */ = {isa = PBXBuildFile; fileRef = 80EB1CFC1AA5E0CC001CDCB3 /* LaunchScreen.xib */; };
		80EB1D0A1AA5E0CC001CDCB3 /* BluemixTriviaTests.m in Sources */ = {isa = PBXBuildFile; fileRef = 80EB1D091AA5E0CC001CDCB3 /* BluemixTriviaTests.m */; };
/* End PBXBuildFile section */

/* Begin PBXContainerItemProxy section */
		80EB1D041AA5E0CC001CDCB3 /* PBXContainerItemProxy */ = {
			isa = PBXContainerItemProxy;
			containerPortal = 80EB1CE21AA5E0CC001CDCB3 /* Project object */;
			proxyType = 1;
			remoteGlobalIDString = 80EB1CE91AA5E0CC001CDCB3;
			remoteInfo = BluemixTrivia;
		};
/* End PBXContainerItemProxy section */

/* Begin PBXFileReference section */
		80650BB61AAC76AD00763C6C /* TRVQuestion.h */ = {isa = PBXFileReference; fileEncoding = 4; lastKnownFileType = sourcecode.c.h; name = TRVQuestion.h; path = ../TRVQuestion.h; sourceTree = "<group>"; };
		80650BB71AAC76AD00763C6C /* TRVQuestion.m */ = {isa = PBXFileReference; fileEncoding = 4; lastKnownFileType = sourcecode.c.objc; name = TRVQuestion.m; path = ../TRVQuestion.m; sourceTree = "<group>"; };
		80EB1CEA1AA5E0CC001CDCB3 /* BluemixTrivia.app */ = {isa = PBXFileReference; explicitFileType = wrapper.application; includeInIndex = 0; path = BluemixTrivia.app; sourceTree = BUILT_PRODUCTS_DIR; };
		80EB1CEE1AA5E0CC001CDCB3 /* Info.plist */ = {isa = PBXFileReference; lastKnownFileType = text.plist.xml; path = Info.plist; sourceTree = "<group>"; };
		80EB1CEF1AA5E0CC001CDCB3 /* main.m */ = {isa = PBXFileReference; lastKnownFileType = sourcecode.c.objc; path = main.m; sourceTree = "<group>"; };
		80EB1CF11AA5E0CC001CDCB3 /* AppDelegate.h */ = {isa = PBXFileReference; lastKnownFileType = sourcecode.c.h; path = AppDelegate.h; sourceTree = "<group>"; };
		80EB1CF21AA5E0CC001CDCB3 /* AppDelegate.m */ = {isa = PBXFileReference; lastKnownFileType = sourcecode.c.objc; path = AppDelegate.m; sourceTree = "<group>"; };
		80EB1CF41AA5E0CC001CDCB3 /* ViewController.h */ = {isa = PBXFileReference; lastKnownFileType = sourcecode.c.h; path = ViewController.h; sourceTree = "<group>"; };
		80EB1CF51AA5E0CC001CDCB3 /* ViewController.m */ = {isa = PBXFileReference; lastKnownFileType = sourcecode.c.objc; path = ViewController.m; sourceTree = "<group>"; };
		80EB1CF81AA5E0CC001CDCB3 /* Base */ = {isa = PBXFileReference; lastKnownFileType = file.storyboard; name = Base; path = Base.lproj/Main.storyboard; sourceTree = "<group>"; };
		80EB1CFA1AA5E0CC001CDCB3 /* Images.xcassets */ = {isa = PBXFileReference; lastKnownFileType = folder.assetcatalog; path = Images.xcassets; sourceTree = "<group>"; };
		80EB1CFD1AA5E0CC001CDCB3 /* Base */ = {isa = PBXFileReference; lastKnownFileType = file.xib; name = Base; path = Base.lproj/LaunchScreen.xib; sourceTree = "<group>"; };
		80EB1D031AA5E0CC001CDCB3 /* BluemixTriviaTests.xctest */ = {isa = PBXFileReference; explicitFileType = wrapper.cfbundle; includeInIndex = 0; path = BluemixTriviaTests.xctest; sourceTree = BUILT_PRODUCTS_DIR; };
		80EB1D081AA5E0CC001CDCB3 /* Info.plist */ = {isa = PBXFileReference; lastKnownFileType = text.plist.xml; path = Info.plist; sourceTree = "<group>"; };
		80EB1D091AA5E0CC001CDCB3 /* BluemixTriviaTests.m */ = {isa = PBXFileReference; lastKnownFileType = sourcecode.c.objc; path = BluemixTriviaTests.m; sourceTree = "<group>"; };
		F7A8535A1AAC78630007AF18 /* GameViewContorller.h */ = {isa = PBXFileReference; fileEncoding = 4; lastKnownFileType = sourcecode.c.h; path = GameViewContorller.h; sourceTree = "<group>"; };
		F7A8535B1AAC78630007AF18 /* GameViewContorller.m */ = {isa = PBXFileReference; fileEncoding = 4; lastKnownFileType = sourcecode.c.objc; path = GameViewContorller.m; sourceTree = "<group>"; };
/* End PBXFileReference section */

/* Begin PBXFrameworksBuildPhase section */
		80EB1CE71AA5E0CC001CDCB3 /* Frameworks */ = {
			isa = PBXFrameworksBuildPhase;
			buildActionMask = 2147483647;
			files = (
			);
			runOnlyForDeploymentPostprocessing = 0;
		};
		80EB1D001AA5E0CC001CDCB3 /* Frameworks */ = {
			isa = PBXFrameworksBuildPhase;
			buildActionMask = 2147483647;
			files = (
			);
			runOnlyForDeploymentPostprocessing = 0;
		};
/* End PBXFrameworksBuildPhase section */

/* Begin PBXGroup section */
		80EB1CE11AA5E0CC001CDCB3 = {
			isa = PBXGroup;
			children = (
				80EB1CEC1AA5E0CC001CDCB3 /* BluemixTrivia */,
				80EB1D061AA5E0CC001CDCB3 /* BluemixTriviaTests */,
				80EB1CEB1AA5E0CC001CDCB3 /* Products */,
			);
			sourceTree = "<group>";
		};
		80EB1CEB1AA5E0CC001CDCB3 /* Products */ = {
			isa = PBXGroup;
			children = (
				80EB1CEA1AA5E0CC001CDCB3 /* BluemixTrivia.app */,
				80EB1D031AA5E0CC001CDCB3 /* BluemixTriviaTests.xctest */,
			);
			name = Products;
			sourceTree = "<group>";
		};
		80EB1CEC1AA5E0CC001CDCB3 /* BluemixTrivia */ = {
			isa = PBXGroup;
			children = (
				80EB1CF11AA5E0CC001CDCB3 /* AppDelegate.h */,
				80EB1CF21AA5E0CC001CDCB3 /* AppDelegate.m */,
				80650BB61AAC76AD00763C6C /* TRVQuestion.h */,
				80650BB71AAC76AD00763C6C /* TRVQuestion.m */,
				80EB1CF41AA5E0CC001CDCB3 /* ViewController.h */,
				80EB1CF51AA5E0CC001CDCB3 /* ViewController.m */,
				F7A8535A1AAC78630007AF18 /* GameViewContorller.h */,
				F7A8535B1AAC78630007AF18 /* GameViewContorller.m */,
				80EB1CF71AA5E0CC001CDCB3 /* Main.storyboard */,
				80EB1CFA1AA5E0CC001CDCB3 /* Images.xcassets */,
				80EB1CFC1AA5E0CC001CDCB3 /* LaunchScreen.xib */,
				80EB1CED1AA5E0CC001CDCB3 /* Supporting Files */,
			);
			path = BluemixTrivia;
			sourceTree = "<group>";
		};
		80EB1CED1AA5E0CC001CDCB3 /* Supporting Files */ = {
			isa = PBXGroup;
			children = (
				80EB1CEE1AA5E0CC001CDCB3 /* Info.plist */,
				80EB1CEF1AA5E0CC001CDCB3 /* main.m */,
			);
			name = "Supporting Files";
			sourceTree = "<group>";
		};
		80EB1D061AA5E0CC001CDCB3 /* BluemixTriviaTests */ = {
			isa = PBXGroup;
			children = (
				80EB1D091AA5E0CC001CDCB3 /* BluemixTriviaTests.m */,
				80EB1D071AA5E0CC001CDCB3 /* Supporting Files */,
			);
			path = BluemixTriviaTests;
			sourceTree = "<group>";
		};
		80EB1D071AA5E0CC001CDCB3 /* Supporting Files */ = {
			isa = PBXGroup;
			children = (
				80EB1D081AA5E0CC001CDCB3 /* Info.plist */,
			);
			name = "Supporting Files";
			sourceTree = "<group>";
		};
/* End PBXGroup section */

/* Begin PBXNativeTarget section */
		80EB1CE91AA5E0CC001CDCB3 /* BluemixTrivia */ = {
			isa = PBXNativeTarget;
			buildConfigurationList = 80EB1D0D1AA5E0CC001CDCB3 /* Build configuration list for PBXNativeTarget "BluemixTrivia" */;
			buildPhases = (
				80EB1CE61AA5E0CC001CDCB3 /* Sources */,
				80EB1CE71AA5E0CC001CDCB3 /* Frameworks */,
				80EB1CE81AA5E0CC001CDCB3 /* Resources */,
			);
			buildRules = (
			);
			dependencies = (
			);
			name = BluemixTrivia;
			productName = BluemixTrivia;
			productReference = 80EB1CEA1AA5E0CC001CDCB3 /* BluemixTrivia.app */;
			productType = "com.apple.product-type.application";
		};
		80EB1D021AA5E0CC001CDCB3 /* BluemixTriviaTests */ = {
			isa = PBXNativeTarget;
			buildConfigurationList = 80EB1D101AA5E0CC001CDCB3 /* Build configuration list for PBXNativeTarget "BluemixTriviaTests" */;
			buildPhases = (
				80EB1CFF1AA5E0CC001CDCB3 /* Sources */,
				80EB1D001AA5E0CC001CDCB3 /* Frameworks */,
				80EB1D011AA5E0CC001CDCB3 /* Resources */,
			);
			buildRules = (
			);
			dependencies = (
				80EB1D051AA5E0CC001CDCB3 /* PBXTargetDependency */,
			);
			name = BluemixTriviaTests;
			productName = BluemixTriviaTests;
			productReference = 80EB1D031AA5E0CC001CDCB3 /* BluemixTriviaTests.xctest */;
			productType = "com.apple.product-type.bundle.unit-test";
		};
/* End PBXNativeTarget section */

/* Begin PBXProject section */
		80EB1CE21AA5E0CC001CDCB3 /* Project object */ = {
			isa = PBXProject;
			attributes = {
				LastUpgradeCheck = 0610;
				ORGANIZATIONNAME = "Avi Eshel";
				TargetAttributes = {
					80EB1CE91AA5E0CC001CDCB3 = {
						CreatedOnToolsVersion = 6.1.1;
					};
					80EB1D021AA5E0CC001CDCB3 = {
						CreatedOnToolsVersion = 6.1.1;
						TestTargetID = 80EB1CE91AA5E0CC001CDCB3;
					};
				};
			};
			buildConfigurationList = 80EB1CE51AA5E0CC001CDCB3 /* Build configuration list for PBXProject "BluemixTrivia" */;
			compatibilityVersion = "Xcode 3.2";
			developmentRegion = English;
			hasScannedForEncodings = 0;
			knownRegions = (
				en,
				Base,
			);
			mainGroup = 80EB1CE11AA5E0CC001CDCB3;
			productRefGroup = 80EB1CEB1AA5E0CC001CDCB3 /* Products */;
			projectDirPath = "";
			projectRoot = "";
			targets = (
				80EB1CE91AA5E0CC001CDCB3 /* BluemixTrivia */,
				80EB1D021AA5E0CC001CDCB3 /* BluemixTriviaTests */,
			);
		};
/* End PBXProject section */

/* Begin PBXResourcesBuildPhase section */
		80EB1CE81AA5E0CC001CDCB3 /* Resources */ = {
			isa = PBXResourcesBuildPhase;
			buildActionMask = 2147483647;
			files = (
				80EB1CF91AA5E0CC001CDCB3 /* Main.storyboard in Resources */,
				80EB1CFE1AA5E0CC001CDCB3 /* LaunchScreen.xib in Resources */,
				80EB1CFB1AA5E0CC001CDCB3 /* Images.xcassets in Resources */,
			);
			runOnlyForDeploymentPostprocessing = 0;
		};
		80EB1D011AA5E0CC001CDCB3 /* Resources */ = {
			isa = PBXResourcesBuildPhase;
			buildActionMask = 2147483647;
			files = (
			);
			runOnlyForDeploymentPostprocessing = 0;
		};
/* End PBXResourcesBuildPhase section */

/* Begin PBXSourcesBuildPhase section */
		80EB1CE61AA5E0CC001CDCB3 /* Sources */ = {
			isa = PBXSourcesBuildPhase;
			buildActionMask = 2147483647;
			files = (
				80650BB81AAC76AD00763C6C /* TRVQuestion.m in Sources */,
				80EB1CF61AA5E0CC001CDCB3 /* ViewController.m in Sources */,
				80EB1CF31AA5E0CC001CDCB3 /* AppDelegate.m in Sources */,
				80EB1CF01AA5E0CC001CDCB3 /* main.m in Sources */,
			);
			runOnlyForDeploymentPostprocessing = 0;
		};
		80EB1CFF1AA5E0CC001CDCB3 /* Sources */ = {
			isa = PBXSourcesBuildPhase;
			buildActionMask = 2147483647;
			files = (
				80EB1D0A1AA5E0CC001CDCB3 /* BluemixTriviaTests.m in Sources */,
			);
			runOnlyForDeploymentPostprocessing = 0;
		};
/* End PBXSourcesBuildPhase section */

/* Begin PBXTargetDependency section */
		80EB1D051AA5E0CC001CDCB3 /* PBXTargetDependency */ = {
			isa = PBXTargetDependency;
			target = 80EB1CE91AA5E0CC001CDCB3 /* BluemixTrivia */;
			targetProxy = 80EB1D041AA5E0CC001CDCB3 /* PBXContainerItemProxy */;
		};
/* End PBXTargetDependency section */

/* Begin PBXVariantGroup section */
		80EB1CF71AA5E0CC001CDCB3 /* Main.storyboard */ = {
			isa = PBXVariantGroup;
			children = (
				80EB1CF81AA5E0CC001CDCB3 /* Base */,
			);
			name = Main.storyboard;
			sourceTree = "<group>";
		};
		80EB1CFC1AA5E0CC001CDCB3 /* LaunchScreen.xib */ = {
			isa = PBXVariantGroup;
			children = (
				80EB1CFD1AA5E0CC001CDCB3 /* Base */,
			);
			name = LaunchScreen.xib;
			sourceTree = "<group>";
		};
/* End PBXVariantGroup section */

/* Begin XCBuildConfiguration section */
		80EB1D0B1AA5E0CC001CDCB3 /* Debug */ = {
			isa = XCBuildConfiguration;
			buildSettings = {
				ALWAYS_SEARCH_USER_PATHS = NO;
				CLANG_CXX_LANGUAGE_STANDARD = "gnu++0x";
				CLANG_CXX_LIBRARY = "libc++";
				CLANG_ENABLE_MODULES = YES;
				CLANG_ENABLE_OBJC_ARC = YES;
				CLANG_WARN_BOOL_CONVERSION = YES;
				CLANG_WARN_CONSTANT_CONVERSION = YES;
				CLANG_WARN_DIRECT_OBJC_ISA_USAGE = YES_ERROR;
				CLANG_WARN_EMPTY_BODY = YES;
				CLANG_WARN_ENUM_CONVERSION = YES;
				CLANG_WARN_INT_CONVERSION = YES;
				CLANG_WARN_OBJC_ROOT_CLASS = YES_ERROR;
				CLANG_WARN_UNREACHABLE_CODE = YES;
				CLANG_WARN__DUPLICATE_METHOD_MATCH = YES;
				"CODE_SIGN_IDENTITY[sdk=iphoneos*]" = "iPhone Developer";
				COPY_PHASE_STRIP = NO;
				ENABLE_STRICT_OBJC_MSGSEND = YES;
				GCC_C_LANGUAGE_STANDARD = gnu99;
				GCC_DYNAMIC_NO_PIC = NO;
				GCC_OPTIMIZATION_LEVEL = 0;
				GCC_PREPROCESSOR_DEFINITIONS = (
					"DEBUG=1",
					"$(inherited)",
				);
				GCC_SYMBOLS_PRIVATE_EXTERN = NO;
				GCC_WARN_64_TO_32_BIT_CONVERSION = YES;
				GCC_WARN_ABOUT_RETURN_TYPE = YES_ERROR;
				GCC_WARN_UNDECLARED_SELECTOR = YES;
				GCC_WARN_UNINITIALIZED_AUTOS = YES_AGGRESSIVE;
				GCC_WARN_UNUSED_FUNCTION = YES;
				GCC_WARN_UNUSED_VARIABLE = YES;
				IPHONEOS_DEPLOYMENT_TARGET = 8.1;
				MTL_ENABLE_DEBUG_INFO = YES;
				ONLY_ACTIVE_ARCH = YES;
				SDKROOT = iphoneos;
				TARGETED_DEVICE_FAMILY = "1,2";
			};
			name = Debug;
		};
		80EB1D0C1AA5E0CC001CDCB3 /* Release */ = {
			isa = XCBuildConfiguration;
			buildSettings = {
				ALWAYS_SEARCH_USER_PATHS = NO;
				CLANG_CXX_LANGUAGE_STANDARD = "gnu++0x";
				CLANG_CXX_LIBRARY = "libc++";
				CLANG_ENABLE_MODULES = YES;
				CLANG_ENABLE_OBJC_ARC = YES;
				CLANG_WARN_BOOL_CONVERSION = YES;
				CLANG_WARN_CONSTANT_CONVERSION = YES;
				CLANG_WARN_DIRECT_OBJC_ISA_USAGE = YES_ERROR;
				CLANG_WARN_EMPTY_BODY = YES;
				CLANG_WARN_ENUM_CONVERSION = YES;
				CLANG_WARN_INT_CONVERSION = YES;
				CLANG_WARN_OBJC_ROOT_CLASS = YES_ERROR;
				CLANG_WARN_UNREACHABLE_CODE = YES;
				CLANG_WARN__DUPLICATE_METHOD_MATCH = YES;
				"CODE_SIGN_IDENTITY[sdk=iphoneos*]" = "iPhone Developer";
				COPY_PHASE_STRIP = YES;
				ENABLE_NS_ASSERTIONS = NO;
				ENABLE_STRICT_OBJC_MSGSEND = YES;
				GCC_C_LANGUAGE_STANDARD = gnu99;
				GCC_WARN_64_TO_32_BIT_CONVERSION = YES;
				GCC_WARN_ABOUT_RETURN_TYPE = YES_ERROR;
				GCC_WARN_UNDECLARED_SELECTOR = YES;
				GCC_WARN_UNINITIALIZED_AUTOS = YES_AGGRESSIVE;
				GCC_WARN_UNUSED_FUNCTION = YES;
				GCC_WARN_UNUSED_VARIABLE = YES;
				IPHONEOS_DEPLOYMENT_TARGET = 8.1;
				MTL_ENABLE_DEBUG_INFO = NO;
				SDKROOT = iphoneos;
				TARGETED_DEVICE_FAMILY = "1,2";
				VALIDATE_PRODUCT = YES;
			};
			name = Release;
		};
		80EB1D0E1AA5E0CC001CDCB3 /* Debug */ = {
			isa = XCBuildConfiguration;
			buildSettings = {
				ASSETCATALOG_COMPILER_APPICON_NAME = AppIcon;
				FRAMEWORK_SEARCH_PATHS = (
					"$(inherited)",
					"/Users/avie/Downloads/imf-ios-sdk/Frameworks",
				);
				INFOPLIST_FILE = BluemixTrivia/Info.plist;
				LD_RUNPATH_SEARCH_PATHS = "$(inherited) @executable_path/Frameworks";
				PRODUCT_NAME = "$(TARGET_NAME)";
			};
			name = Debug;
		};
		80EB1D0F1AA5E0CC001CDCB3 /* Release */ = {
			isa = XCBuildConfiguration;
			buildSettings = {
				ASSETCATALOG_COMPILER_APPICON_NAME = AppIcon;
				FRAMEWORK_SEARCH_PATHS = (
					"$(inherited)",
					"/Users/avie/Downloads/imf-ios-sdk/Frameworks",
				);
				INFOPLIST_FILE = BluemixTrivia/Info.plist;
				LD_RUNPATH_SEARCH_PATHS = "$(inherited) @executable_path/Frameworks";
				PRODUCT_NAME = "$(TARGET_NAME)";
			};
			name = Release;
		};
		80EB1D111AA5E0CC001CDCB3 /* Debug */ = {
			isa = XCBuildConfiguration;
			buildSettings = {
				BUNDLE_LOADER = "$(TEST_HOST)";
				FRAMEWORK_SEARCH_PATHS = (
					"$(SDKROOT)/Developer/Library/Frameworks",
					"$(inherited)",
				);
				GCC_PREPROCESSOR_DEFINITIONS = (
					"DEBUG=1",
					"$(inherited)",
				);
				INFOPLIST_FILE = BluemixTriviaTests/Info.plist;
				LD_RUNPATH_SEARCH_PATHS = "$(inherited) @executable_path/Frameworks @loader_path/Frameworks";
				PRODUCT_NAME = "$(TARGET_NAME)";
				TEST_HOST = "$(BUILT_PRODUCTS_DIR)/BluemixTrivia.app/BluemixTrivia";
			};
			name = Debug;
		};
		80EB1D121AA5E0CC001CDCB3 /* Release */ = {
			isa = XCBuildConfiguration;
			buildSettings = {
				BUNDLE_LOADER = "$(TEST_HOST)";
				FRAMEWORK_SEARCH_PATHS = (
					"$(SDKROOT)/Developer/Library/Frameworks",
					"$(inherited)",
				);
				INFOPLIST_FILE = BluemixTriviaTests/Info.plist;
				LD_RUNPATH_SEARCH_PATHS = "$(inherited) @executable_path/Frameworks @loader_path/Frameworks";
				PRODUCT_NAME = "$(TARGET_NAME)";
				TEST_HOST = "$(BUILT_PRODUCTS_DIR)/BluemixTrivia.app/BluemixTrivia";
			};
			name = Release;
		};
/* End XCBuildConfiguration section */

/* Begin XCConfigurationList section */
		80EB1CE51AA5E0CC001CDCB3 /* Build configuration list for PBXProject "BluemixTrivia" */ = {
			isa = XCConfigurationList;
			buildConfigurations = (
				80EB1D0B1AA5E0CC001CDCB3 /* Debug */,
				80EB1D0C1AA5E0CC001CDCB3 /* Release */,
			);
			defaultConfigurationIsVisible = 0;
			defaultConfigurationName = Release;
		};
		80EB1D0D1AA5E0CC001CDCB3 /* Build configuration list for PBXNativeTarget "BluemixTrivia" */ = {
			isa = XCConfigurationList;
			buildConfigurations = (
				80EB1D0E1AA5E0CC001CDCB3 /* Debug */,
				80EB1D0F1AA5E0CC001CDCB3 /* Release */,
			);
			defaultConfigurationIsVisible = 0;
			defaultConfigurationName = Release;
		};
		80EB1D101AA5E0CC001CDCB3 /* Build configuration list for PBXNativeTarget "BluemixTriviaTests" */ = {
			isa = XCConfigurationList;
			buildConfigurations = (
				80EB1D111AA5E0CC001CDCB3 /* Debug */,
				80EB1D121AA5E0CC001CDCB3 /* Release */,
			);
			defaultConfigurationIsVisible = 0;
			defaultConfigurationName = Release;
		};
/* End XCConfigurationList section */
	};
	rootObject = 80EB1CE21AA5E0CC001CDCB3 /* Project object */;
}
